Microsoft Visual Studio Solution File, Format Version 12.00
# Visual Studio Version 16
VisualStudioVersion = 16.0.0.0
MinimumVisualStudioVersion = 16.0.0.0
Project("{FAE04EC0-301F-11D3-BF4B-00C04F79EFBC}") = "CanDatabase.Client", "CanDatabase.Client\CanDatabase.Client.csproj", "{EFD93721-BAA4-432F-A4B8-D4F4BF664C1F}"
EndProject
Project("{FAE04EC0-301F-11D3-BF4B-00C04F79EFBC}") = "CanDatabase.Shared", "CanDatabase.Shared\CanDatabase.Shared.csproj", "{A39ED364-0126-47CF-9757-DF40F730B384}"
EndProject
Project("{FAE04EC0-301F-11D3-BF4B-00C04F79EFBC}") = "CanDatabase.Common", "CanDatabase.Common\CanDatabase.Common.csproj", "{0AAA001C-F077-4DE6-8872-7D6165B41757}"
EndProject
Project("{FAE04EC0-301F-11D3-BF4B-00C04F79EFBC}") = "CanDatabase.Application", "CanDatabase.Application\CanDatabase.Application.csproj", "{1AE689B7-C01C-436F-831D-2C3F2E1C9655}"
EndProject
Project("{FAE04EC0-301F-11D3-BF4B-00C04F79EFBC}") = "CanDatabase.Domain", "CanDatabase.Domain\CanDatabase.Domain.csproj", "{B83D1E62-F5DB-4AEC-888E-6D930057ACCF}"
EndProject
Project("{FAE04EC0-301F-11D3-BF4B-00C04F79EFBC}") = "CanDatabase.WebApi", "CanDatabase.WebApi\CanDatabase.WebApi.csproj", "{DBA5BE37-4BBE-4A49-9410-C0F920A1111C}"
EndProject
Project("{FAE04EC0-301F-11D3-BF4B-00C04F79EFBC}") = "CanDatabase.WebApiIntegrationTests", "..\IntegrationTests\CanDatabase.WebApiIntegrationTests\CanDatabase.WebApiIntegrationTests.csproj", "{7AC6107C-E94C-4D5C-A572-F8FDF7B3A83A}"
EndProject
Project("{FAE04EC0-301F-11D3-BF4B-00C04F79EFBC}") = "CanDatabase.ApplicationTests", "..\UnitTests\CanDatabase.ApplicationTests\CanDatabase.ApplicationTests.csproj", "{11916051-20D1-4E09-8B52-766762F59D76}"
EndProject
Project("{FAE04EC0-301F-11D3-BF4B-00C04F79EFBC}") = "CanDatabase.Persistence", "CanDatabase.Persistence\CanDatabase.Persistence.csproj", "{0BE66654-4BE5-4823-90CC-AE0E29A2E473}"
EndProject
Global
	GlobalSection(SolutionProperties) = preSolution
		HideSolutionNode = FALSE
	EndGlobalSection
	GlobalSection(ExtensibilityGlobals) = postSolution
		SolutionGuid = {AB75CE89-1EF1-4538-BC02-0426E3B5A53D}
	EndGlobalSection
	GlobalSection(SolutionConfigurationPlatforms) = preSolution
		Debug|Any CPU = Debug|Any CPU
		Debug|x64 = Debug|x64
		Debug|x86 = Debug|x86
		Release|Any CPU = Release|Any CPU
		Release|x64 = Release|x64
		Release|x86 = Release|x86
	EndGlobalSection
	GlobalSection(ProjectConfigurationPlatforms) = postSolution
		{EFD93721-BAA4-432F-A4B8-D4F4BF664C1F}.Debug|Any CPU.ActiveCfg = Debug|Any CPU
		{EFD93721-BAA4-432F-A4B8-D4F4BF664C1F}.Debug|Any CPU.Build.0 = Debug|Any CPU
		{EFD93721-BAA4-432F-A4B8-D4F4BF664C1F}.Debug|x64.ActiveCfg = Debug|Any CPU
		{EFD93721-BAA4-432F-A4B8-D4F4BF664C1F}.Debug|x64.Build.0 = Debug|Any CPU
		{EFD93721-BAA4-432F-A4B8-D4F4BF664C1F}.Debug|x86.ActiveCfg = Debug|Any CPU
		{EFD93721-BAA4-432F-A4B8-D4F4BF664C1F}.Debug|x86.Build.0 = Debug|Any CPU
		{EFD93721-BAA4-432F-A4B8-D4F4BF664C1F}.Release|Any CPU.ActiveCfg = Release|Any CPU
		{EFD93721-BAA4-432F-A4B8-D4F4BF664C1F}.Release|Any CPU.Build.0 = Release|Any CPU
		{EFD93721-BAA4-432F-A4B8-D4F4BF664C1F}.Release|x64.ActiveCfg = Release|Any CPU
		{EFD93721-BAA4-432F-A4B8-D4F4BF664C1F}.Release|x64.Build.0 = Release|Any CPU
		{EFD93721-BAA4-432F-A4B8-D4F4BF664C1F}.Release|x86.ActiveCfg = Release|Any CPU
		{EFD93721-BAA4-432F-A4B8-D4F4BF664C1F}.Release|x86.Build.0 = Release|Any CPU
		{A39ED364-0126-47CF-9757-DF40F730B384}.Debug|Any CPU.ActiveCfg = Debug|Any CPU
		{A39ED364-0126-47CF-9757-DF40F730B384}.Debug|Any CPU.Build.0 = Debug|Any CPU
		{A39ED364-0126-47CF-9757-DF40F730B384}.Debug|x64.ActiveCfg = Debug|Any CPU
		{A39ED364-0126-47CF-9757-DF40F730B384}.Debug|x64.Build.0 = Debug|Any CPU
		{A39ED364-0126-47CF-9757-DF40F730B384}.Debug|x86.ActiveCfg = Debug|Any CPU
		{A39ED364-0126-47CF-9757-DF40F730B384}.Debug|x86.Build.0 = Debug|Any CPU
		{A39ED364-0126-47CF-9757-DF40F730B384}.Release|Any CPU.ActiveCfg = Release|Any CPU
		{A39ED364-0126-47CF-9757-DF40F730B384}.Release|Any CPU.Build.0 = Release|Any CPU
		{A39ED364-0126-47CF-9757-DF40F730B384}.Release|x64.ActiveCfg = Release|Any CPU
		{A39ED364-0126-47CF-9757-DF40F730B384}.Release|x64.Build.0 = Release|Any CPU
		{A39ED364-0126-47CF-9757-DF40F730B384}.Release|x86.ActiveCfg = Release|Any CPU
		{A39ED364-0126-47CF-9757-DF40F730B384}.Release|x86.Build.0 = Release|Any CPU
		{0AAA001C-F077-4DE6-8872-7D6165B41757}.Debug|Any CPU.ActiveCfg = Debug|Any CPU
		{0AAA001C-F077-4DE6-8872-7D6165B41757}.Debug|Any CPU.Build.0 = Debug|Any CPU
		{0AAA001C-F077-4DE6-8872-7D6165B41757}.Debug|x64.ActiveCfg = Debug|Any CPU
		{0AAA001C-F077-4DE6-8872-7D6165B41757}.Debug|x64.Build.0 = Debug|Any CPU
		{0AAA001C-F077-4DE6-8872-7D6165B41757}.Debug|x86.ActiveCfg = Debug|Any CPU
		{0AAA001C-F077-4DE6-8872-7D6165B41757}.Debug|x86.Build.0 = Debug|Any CPU
		{0AAA001C-F077-4DE6-8872-7D6165B41757}.Release|Any CPU.ActiveCfg = Release|Any CPU
		{0AAA001C-F077-4DE6-8872-7D6165B41757}.Release|Any CPU.Build.0 = Release|Any CPU
		{0AAA001C-F077-4DE6-8872-7D6165B41757}.Release|x64.ActiveCfg = Release|Any CPU
		{0AAA001C-F077-4DE6-8872-7D6165B41757}.Release|x64.Build.0 = Release|Any CPU
		{0AAA001C-F077-4DE6-8872-7D6165B41757}.Release|x86.ActiveCfg = Release|Any CPU
		{0AAA001C-F077-4DE6-8872-7D6165B41757}.Release|x86.Build.0 = Release|Any CPU
		{1AE689B7-C01C-436F-831D-2C3F2E1C9655}.Debug|Any CPU.ActiveCfg = Debug|Any CPU
		{1AE689B7-C01C-436F-831D-2C3F2E1C9655}.Debug|Any CPU.Build.0 = Debug|Any CPU
		{1AE689B7-C01C-436F-831D-2C3F2E1C9655}.Debug|x64.ActiveCfg = Debug|Any CPU
		{1AE689B7-C01C-436F-831D-2C3F2E1C9655}.Debug|x64.Build.0 = Debug|Any CPU
		{1AE689B7-C01C-436F-831D-2C3F2E1C9655}.Debug|x86.ActiveCfg = Debug|Any CPU
		{1AE689B7-C01C-436F-831D-2C3F2E1C9655}.Debug|x86.Build.0 = Debug|Any CPU
		{1AE689B7-C01C-436F-831D-2C3F2E1C9655}.Release|Any CPU.ActiveCfg = Release|Any CPU
		{1AE689B7-C01C-436F-831D-2C3F2E1C9655}.Release|Any CPU.Build.0 = Release|Any CPU
		{1AE689B7-C01C-436F-831D-2C3F2E1C9655}.Release|x64.ActiveCfg = Release|Any CPU
		{1AE689B7-C01C-436F-831D-2C3F2E1C9655}.Release|x64.Build.0 = Release|Any CPU
		{1AE689B7-C01C-436F-831D-2C3F2E1C9655}.Release|x86.ActiveCfg = Release|Any CPU
		{1AE689B7-C01C-436F-831D-2C3F2E1C9655}.Release|x86.Build.0 = Release|Any CPU
		{B83D1E62-F5DB-4AEC-888E-6D930057ACCF}.Debug|Any CPU.ActiveCfg = Debug|Any CPU
		{B83D1E62-F5DB-4AEC-888E-6D930057ACCF}.Debug|Any CPU.Build.0 = Debug|Any CPU
		{B83D1E62-F5DB-4AEC-888E-6D930057ACCF}.Debug|x64.ActiveCfg = Debug|Any CPU
		{B83D1E62-F5DB-4AEC-888E-6D930057ACCF}.Debug|x64.Build.0 = Debug|Any CPU
		{B83D1E62-F5DB-4AEC-888E-6D930057ACCF}.Debug|x86.ActiveCfg = Debug|Any CPU
		{B83D1E62-F5DB-4AEC-888E-6D930057ACCF}.Debug|x86.Build.0 = Debug|Any CPU
		{B83D1E62-F5DB-4AEC-888E-6D930057ACCF}.Release|Any CPU.ActiveCfg = Release|Any CPU
		{B83D1E62-F5DB-4AEC-888E-6D930057ACCF}.Release|Any CPU.Build.0 = Release|Any CPU
		{B83D1E62-F5DB-4AEC-888E-6D930057ACCF}.Release|x64.ActiveCfg = Release|Any CPU
		{B83D1E62-F5DB-4AEC-888E-6D930057ACCF}.Release|x64.Build.0 = Release|Any CPU
		{B83D1E62-F5DB-4AEC-888E-6D930057ACCF}.Release|x86.ActiveCfg = Release|Any CPU
		{B83D1E62-F5DB-4AEC-888E-6D930057ACCF}.Release|x86.Build.0 = Release|Any CPU
		{DBA5BE37-4BBE-4A49-9410-C0F920A1111C}.Debug|Any CPU.ActiveCfg = Debug|Any CPU
		{DBA5BE37-4BBE-4A49-9410-C0F920A1111C}.Debug|Any CPU.Build.0 = Debug|Any CPU
		{DBA5BE37-4BBE-4A49-9410-C0F920A1111C}.Debug|x64.ActiveCfg = Debug|Any CPU
		{DBA5BE37-4BBE-4A49-9410-C0F920A1111C}.Debug|x64.Build.0 = Debug|Any CPU
		{DBA5BE37-4BBE-4A49-9410-C0F920A1111C}.Debug|x86.ActiveCfg = Debug|Any CPU
		{DBA5BE37-4BBE-4A49-9410-C0F920A1111C}.Debug|x86.Build.0 = Debug|Any CPU
		{DBA5BE37-4BBE-4A49-9410-C0F920A1111C}.Release|Any CPU.ActiveCfg = Release|Any CPU
		{DBA5BE37-4BBE-4A49-9410-C0F920A1111C}.Release|Any CPU.Build.0 = Release|Any CPU
		{DBA5BE37-4BBE-4A49-9410-C0F920A1111C}.Release|x64.ActiveCfg = Release|Any CPU
		{DBA5BE37-4BBE-4A49-9410-C0F920A1111C}.Release|x64.Build.0 = Release|Any CPU
		{DBA5BE37-4BBE-4A49-9410-C0F920A1111C}.Release|x86.ActiveCfg = Release|Any CPU
		{DBA5BE37-4BBE-4A49-9410-C0F920A1111C}.Release|x86.Build.0 = Release|Any CPU
		{7AC6107C-E94C-4D5C-A572-F8FDF7B3A83A}.Debug|Any CPU.ActiveCfg = Debug|Any CPU
		{7AC6107C-E94C-4D5C-A572-F8FDF7B3A83A}.Debug|Any CPU.Build.0 = Debug|Any CPU
		{7AC6107C-E94C-4D5C-A572-F8FDF7B3A83A}.Debug|x64.ActiveCfg = Debug|Any CPU
		{7AC6107C-E94C-4D5C-A572-F8FDF7B3A83A}.Debug|x64.Build.0 = Debug|Any CPU
		{7AC6107C-E94C-4D5C-A572-F8FDF7B3A83A}.Debug|x86.ActiveCfg = Debug|Any CPU
		{7AC6107C-E94C-4D5C-A572-F8FDF7B3A83A}.Debug|x86.Build.0 = Debug|Any CPU
		{7AC6107C-E94C-4D5C-A572-F8FDF7B3A83A}.Release|Any CPU.ActiveCfg = Release|Any CPU
		{7AC6107C-E94C-4D5C-A572-F8FDF7B3A83A}.Release|Any CPU.Build.0 = Release|Any CPU
		{7AC6107C-E94C-4D5C-A572-F8FDF7B3A83A}.Release|x64.ActiveCfg = Release|Any CPU
		{7AC6107C-E94C-4D5C-A572-F8FDF7B3A83A}.Release|x64.Build.0 = Release|Any CPU
		{7AC6107C-E94C-4D5C-A572-F8FDF7B3A83A}.Release|x86.ActiveCfg = Release|Any CPU
		{7AC6107C-E94C-4D5C-A572-F8FDF7B3A83A}.Release|x86.Build.0 = Release|Any CPU
		{11916051-20D1-4E09-8B52-766762F59D76}.Debug|Any CPU.ActiveCfg = Debug|Any CPU
		{11916051-20D1-4E09-8B52-766762F59D76}.Debug|Any CPU.Build.0 = Debug|Any CPU
		{11916051-20D1-4E09-8B52-766762F59D76}.Debug|x64.ActiveCfg = Debug|Any CPU
		{11916051-20D1-4E09-8B52-766762F59D76}.Debug|x64.Build.0 = Debug|Any CPU
		{11916051-20D1-4E09-8B52-766762F59D76}.Debug|x86.ActiveCfg = Debug|Any CPU
		{11916051-20D1-4E09-8B52-766762F59D76}.Debug|x86.Build.0 = Debug|Any CPU
		{11916051-20D1-4E09-8B52-766762F59D76}.Release|Any CPU.ActiveCfg = Release|Any CPU
		{11916051-20D1-4E09-8B52-766762F59D76}.Release|Any CPU.Build.0 = Release|Any CPU
		{11916051-20D1-4E09-8B52-766762F59D76}.Release|x64.ActiveCfg = Release|Any CPU
		{11916051-20D1-4E09-8B52-766762F59D76}.Release|x64.Build.0 = Release|Any CPU
		{11916051-20D1-4E09-8B52-766762F59D76}.Release|x86.ActiveCfg = Release|Any CPU
		{11916051-20D1-4E09-8B52-766762F59D76}.Release|x86.Build.0 = Release|Any CPU
		{0BE66654-4BE5-4823-90CC-AE0E29A2E473}.Debug|Any CPU.ActiveCfg = Debug|Any CPU
		{0BE66654-4BE5-4823-90CC-AE0E29A2E473}.Debug|Any CPU.Build.0 = Debug|Any CPU
		{0BE66654-4BE5-4823-90CC-AE0E29A2E473}.Debug|x64.ActiveCfg = Debug|Any CPU
		{0BE66654-4BE5-4823-90CC-AE0E29A2E473}.Debug|x64.Build.0 = Debug|Any CPU
		{0BE66654-4BE5-4823-90CC-AE0E29A2E473}.Debug|x86.ActiveCfg = Debug|Any CPU
		{0BE66654-4BE5-4823-90CC-AE0E29A2E473}.Debug|x86.Build.0 = Debug|Any CPU
		{0BE66654-4BE5-4823-90CC-AE0E29A2E473}.Release|Any CPU.ActiveCfg = Release|Any CPU
		{0BE66654-4BE5-4823-90CC-AE0E29A2E473}.Release|Any CPU.Build.0 = Release|Any CPU
		{0BE66654-4BE5-4823-90CC-AE0E29A2E473}.Release|x64.ActiveCfg = Release|Any CPU
		{0BE66654-4BE5-4823-90CC-AE0E29A2E473}.Release|x64.Build.0 = Release|Any CPU
		{0BE66654-4BE5-4823-90CC-AE0E29A2E473}.Release|x86.ActiveCfg = Release|Any CPU
		{0BE66654-4BE5-4823-90CC-AE0E29A2E473}.Release|x86.Build.0 = Release|Any CPU
	EndGlobalSection
EndGlobal
